
Microsoft Visual Studio Solution File, Format Version 12.00
# Visual Studio Version 17
VisualStudioVersion = 17.0.31903.59
MinimumVisualStudioVersion = 10.0.40219.1
Project("{2150E333-8FDC-42A3-9474-1A3956D46DE8}") = "src", "src", "{E1E8FA66-945B-4A19-ABC8-9F90D7A418F4}"
EndProject
Project("{FAE04EC0-301F-11D3-BF4B-00C04F79EFBC}") = "Compiler", "src\Compiler\Lotus.csproj", "{CFCB7433-E71A-4D57-97BE-FD41A606E545}"
EndProject
Project("{FAE04EC0-301F-11D3-BF4B-00C04F79EFBC}") = "CLI", "src\CLI\Lotus.CLI.csproj", "{AD5CF91F-C547-4C70-9CE6-71C8E1F1C04F}"
EndProject
Project("{FAE04EC0-301F-11D3-BF4B-00C04F79EFBC}") = "Common", "src\Common\Common.csproj", "{7D672050-165F-47D6-A2C1-DF71CBAF361C}"
EndProject
Project("{FAE04EC0-301F-11D3-BF4B-00C04F79EFBC}") = "Extras", "src\Extras\Lotus.Extras.csproj", "{3D1F0F2C-291E-4E1E-8665-A9F306A1CD5E}"
EndProject
Global
	GlobalSection(SolutionConfigurationPlatforms) = preSolution
		Debug|Any CPU = Debug|Any CPU
		Release|Any CPU = Release|Any CPU
	EndGlobalSection
	GlobalSection(SolutionProperties) = preSolution
		HideSolutionNode = FALSE
	EndGlobalSection
	GlobalSection(ProjectConfigurationPlatforms) = postSolution
		{CFCB7433-E71A-4D57-97BE-FD41A606E545}.Debug|Any CPU.ActiveCfg = Debug|Any CPU
		{CFCB7433-E71A-4D57-97BE-FD41A606E545}.Debug|Any CPU.Build.0 = Debug|Any CPU
		{CFCB7433-E71A-4D57-97BE-FD41A606E545}.Release|Any CPU.ActiveCfg = Release|Any CPU
		{CFCB7433-E71A-4D57-97BE-FD41A606E545}.Release|Any CPU.Build.0 = Release|Any CPU
		{AD5CF91F-C547-4C70-9CE6-71C8E1F1C04F}.Debug|Any CPU.ActiveCfg = Debug|Any CPU
		{AD5CF91F-C547-4C70-9CE6-71C8E1F1C04F}.Debug|Any CPU.Build.0 = Debug|Any CPU
		{AD5CF91F-C547-4C70-9CE6-71C8E1F1C04F}.Release|Any CPU.ActiveCfg = Release|Any CPU
		{AD5CF91F-C547-4C70-9CE6-71C8E1F1C04F}.Release|Any CPU.Build.0 = Release|Any CPU
		{7D672050-165F-47D6-A2C1-DF71CBAF361C}.Debug|Any CPU.ActiveCfg = Debug|Any CPU
		{7D672050-165F-47D6-A2C1-DF71CBAF361C}.Debug|Any CPU.Build.0 = Debug|Any CPU
		{7D672050-165F-47D6-A2C1-DF71CBAF361C}.Release|Any CPU.ActiveCfg = Release|Any CPU
		{7D672050-165F-47D6-A2C1-DF71CBAF361C}.Release|Any CPU.Build.0 = Release|Any CPU
		{3D1F0F2C-291E-4E1E-8665-A9F306A1CD5E}.Debug|Any CPU.ActiveCfg = Debug|Any CPU
		{3D1F0F2C-291E-4E1E-8665-A9F306A1CD5E}.Debug|Any CPU.Build.0 = Debug|Any CPU
		{3D1F0F2C-291E-4E1E-8665-A9F306A1CD5E}.Release|Any CPU.ActiveCfg = Release|Any CPU
		{3D1F0F2C-291E-4E1E-8665-A9F306A1CD5E}.Release|Any CPU.Build.0 = Release|Any CPU
	EndGlobalSection
	GlobalSection(NestedProjects) = preSolution
		{CFCB7433-E71A-4D57-97BE-FD41A606E545} = {E1E8FA66-945B-4A19-ABC8-9F90D7A418F4}
		{AD5CF91F-C547-4C70-9CE6-71C8E1F1C04F} = {E1E8FA66-945B-4A19-ABC8-9F90D7A418F4}
		{7D672050-165F-47D6-A2C1-DF71CBAF361C} = {E1E8FA66-945B-4A19-ABC8-9F90D7A418F4}
		{3D1F0F2C-291E-4E1E-8665-A9F306A1CD5E} = {E1E8FA66-945B-4A19-ABC8-9F90D7A418F4}
	EndGlobalSection
EndGlobal
